PODS:
  - Flutter (1.0.0)
  - http_interceptor (0.0.1):
    - Flutter

DEPENDENCIES:
  - Flutter (from `.symlinks/flutter/ios`)
  - http_interceptor (from `.symlinks/plugins/http_interceptor/ios`)

EXTERNAL SOURCES:
  Flutter:
    :path: ".symlinks/flutter/ios"
  http_interceptor:
    :path: ".symlinks/plugins/http_interceptor/ios"

SPEC CHECKSUMS:
  Flutter: 0e3d915762c693b495b44d77113d4970485de6ec
  http_interceptor: 35739d2beb6230e975f7015d7c994ebd4698402f

PODFILE CHECKSUM: 69dacd58e7f88dae6e0d9a63487e87a9fa42b7b5

COCOAPODS: 1.6.1
